version = 1
revision = 3
requires-python = ">=3.14"

[options]
exclude-newer = "0001-01-01T00:00:00Z" # This has no effect and is included for backwards compatibility when using relative exclude-newer values.
exclude-newer-span = "P7D"

[options.exclude-newer-package]
xlsxreport = false
anndata-contract = false
mkeima = false
uv = false
msreport = false
ruff = false
proquant = false

[[package]]
name = "xlsxpress"
version = "0.1.0"
source = { editable = "." }
