version = 1
revision = 3
requires-python = ">=3.14"

[options]
exclude-newer = "0001-01-01T00:00:00Z" # This has no effect and is included for backwards compatibility when using relative exclude-newer values.
exclude-newer-span = "P7D"

[options.exclude-newer-package]
xlsxreport = false
anndata-contract = false
mkeima = false
uv = false
msreport = false
ruff = false
proquant = false

[[package]]
name = "annotated-doc"
version = "0.0.4"
source = { registry = "https://pypi.org/simple" }
sdist = { url = "https://files.pythonhosted.org/packages/57/ba/046ceea27344560984e26a590f90bc7f4a75b06701f653222458922b558c/annotated_doc-0.0.4.tar.gz", hash = "sha256:fbcda96e87e9c92ad167c2e53839e57503ecfda18804ea28102353485033faa4", size = 7288, upload-time = "2025-11-10T22:07:42.062Z" }
wheels = [
    { url = "https://files.pythonhosted.org/packages/1e/d3/26bf1008eb3d2daa8ef4cacc7f3bfdc11818d111f7e2d0201bc6e3b49d45/annotated_doc-0.0.4-py3-none-any.whl", hash = "sha256:571ac1dc6991c450b25a9c2d84a3705e2ae7a53467b5d111c24fa8baabbed320", size = 5303, upload-time = "2025-11-10T22:07:40.673Z" },
]

[[package]]
name = "colorama"
version = "0.4.6"
source = { registry = "https://pypi.org/simple" }
sdist = { url = "https://files.pythonhosted.org/packages/d8/53/6f443c9a4a8358a93a6792e2acffb9d9d5cb0a5cfd8802644b7b1c9a02e4/colorama-0.4.6.tar.gz", hash = "sha256:08695f5cb7ed6e0531a20572697297273c47b8cae5a63ffc6d6ed5c201be6e44", size = 27697, upload-time = "2022-10-25T02:36:22.414Z" }
wheels = [
    { url = "https://files.pythonhosted.org/packages/d1/d6/3965ed04c63042e047cb6a3e6ed1a63a35087b6a609aa3a15ed8ac56c221/colorama-0.4.6-py2.py3-none-any.whl", hash = "sha256:4f1d9991f5acc0ca119f9d443620b77f9d6b33703e51011c16baf57afb285fc6", size = 25335, upload-time = "2022-10-25T02:36:20.889Z" },
]

[[package]]
name = "markdown-it-py"
version = "4.2.0"
source = { registry = "https://pypi.org/simple" }
dependencies = [
    { name = "mdurl" },
]
sdist = { url = "https://files.pythonhosted.org/packages/06/ff/7841249c247aa650a76b9ee4bbaeae59370dc8bfd2f6c01f3630c35eb134/markdown_it_py-4.2.0.tar.gz", hash = "sha256:04a21681d6fbb623de53f6f364d352309d4094dd4194040a10fd51833e418d49", size = 82454, upload-time = "2026-05-07T12:08:28.36Z" }
wheels = [
    { url = "https://files.pythonhosted.org/packages/b3/81/4da04ced5a082363ecfa159c010d200ecbd959ae410c10c0264a38cac0f5/markdown_it_py-4.2.0-py3-none-any.whl", hash = "sha256:9f7ebbcd14fe59494226453aed97c1070d83f8d24b6fc3a3bcf9a38092641c4a", size = 91687, upload-time = "2026-05-07T12:08:27.182Z" },
]

[[package]]
name = "mdurl"
version = "0.1.2"
source = { registry = "https://pypi.org/simple" }
sdist = { url = "https://files.pythonhosted.org/packages/d6/54/cfe61301667036ec958cb99bd3efefba235e65cdeb9c84d24a8293ba1d90/mdurl-0.1.2.tar.gz", hash = "sha256:bb413d29f5eea38f31dd4754dd7377d4465116fb207585f97bf925588687c1ba", size = 8729, upload-time = "2022-08-14T12:40:10.846Z" }
wheels = [
    { url = "https://files.pythonhosted.org/packages/b3/38/89ba8ad64ae25be8de66a6d463314cf1eb366222074cfda9ee839c56a4b4/mdurl-0.1.2-py3-none-any.whl", hash = "sha256:84008a41e51615a49fc9966191ff91509e3c40b939176e643fd50a5c2196b8f8", size = 9979, upload-time = "2022-08-14T12:40:09.779Z" },
]

[[package]]
name = "polars"
version = "1.41.2"
source = { registry = "https://pypi.org/simple" }
dependencies = [
    { name = "polars-runtime-32" },
]
sdist = { url = "https://files.pythonhosted.org/packages/ff/f9/aeda46259b0669247a160315d2d51269de9504b9dd2f70acadbcb22f46b7/polars-1.41.2.tar.gz", hash = "sha256:256d6731162371b77f3f29a55eacb8c0fc740ddb1a293a01d2ef5b5393c5c708", size = 737996, upload-time = "2026-05-29T17:39:15.604Z" }
wheels = [
    { url = "https://files.pythonhosted.org/packages/1f/22/28f62d24f7db56ac4343588f9362d49b7b4177e55ac47a466fe696b0099b/polars-1.41.2-py3-none-any.whl", hash = "sha256:23ce9a2910b6e3e8d4258770bf44aa17170958df7af6e85feedf4458a04d8d29", size = 833445, upload-time = "2026-05-29T17:37:05.576Z" },
]

[[package]]
name = "polars-runtime-32"
version = "1.41.2"
source = { registry = "https://pypi.org/simple" }
sdist = { url = "https://files.pythonhosted.org/packages/f9/56/54e3ea0e9b64f327179049e4742241cc6b1d3e8fa414b05a057dd26df367/polars_runtime_32-1.41.2.tar.gz", hash = "sha256:7af09ec1ab053da2c9669e8d15f809a4083a29be05db57111688b8051062af56", size = 2989474, upload-time = "2026-05-29T17:39:17.257Z" }
wheels = [
    { url = "https://files.pythonhosted.org/packages/d6/9b/fe72a3811c0357cdb06c67bdc7695fa1623ad47948fc523195f5ac31037f/polars_runtime_32-1.41.2-cp310-abi3-macosx_10_12_x86_64.whl", hash = "sha256:95a08346dac337357cdb825c8076df7d36da54c4caa59a5cb41d0a30691c5edd", size = 52265283, upload-time = "2026-05-29T17:37:09.407Z" },
    { url = "https://files.pythonhosted.org/packages/0a/93/fab9da803fd80d9e83ef88c20932f637a10bc611b20415fc322eec84bc44/polars_runtime_32-1.41.2-cp310-abi3-macosx_11_0_arm64.whl", hash = "sha256:dedfaeec2c7f995298da7319dd9431d662e5dd1d0ec51b1459df4a0234ceff52", size = 46571222, upload-time = "2026-05-29T17:37:13.698Z" },
    { url = "https://files.pythonhosted.org/packages/c8/2a/8843f34a8ac57acd058a39b87b03b580dd352a490e9dae0415e02033bdd4/polars_runtime_32-1.41.2-cp310-abi3-manylinux_2_17_aarch64.manylinux2014_aarch64.whl", hash = "sha256:18eea22c5cc34e27f8a60950458ad81e6a9ea75e89363ca1367e14e7e7f781fc", size = 50409372, upload-time = "2026-05-29T17:37:17.875Z" },
    { url = "https://files.pythonhosted.org/packages/6c/c6/92b352fe88cf51bd0a19fb99e1c0cbe46aa26c14dcf7995b89869cd932ae/polars_runtime_32-1.41.2-cp310-abi3-manylinux_2_17_x86_64.manylinux2014_x86_64.whl", hash = "sha256:2630540dfdfb0f36f9b04a07c7c2e3f50bf2ad384113263c1c812007ee9141e0", size = 56405484, upload-time = "2026-05-29T17:37:22.684Z" },
    { url = "https://files.pythonhosted.org/packages/74/c4/bae3174c3b02f6b441d2e58594387abcd509f67a098f682a83b195f08966/polars_runtime_32-1.41.2-cp310-abi3-musllinux_1_2_aarch64.whl", hash = "sha256:20e969e08f9b137e233c04cc04de73d9795f89eb77d34854e40a025965a43763", size = 50603512, upload-time = "2026-05-29T17:37:27.422Z" },
    { url = "https://files.pythonhosted.org/packages/f4/ed/f2d26ae02d92c2689056838ed59e2a626326ad23c2831d58637d25f6c82a/polars_runtime_32-1.41.2-cp310-abi3-musllinux_1_2_x86_64.whl", hash = "sha256:e7016a3deb641b64a31447abbbee0f34bd020a6a9ae34ee6b743837def15e2a4", size = 54328561, upload-time = "2026-05-29T17:37:32.587Z" },
    { url = "https://files.pythonhosted.org/packages/9b/c4/9c3831cc885dc7769e59abf8f583821a5fb4403fd0e4eba0ccc6d47a3d4b/polars_runtime_32-1.41.2-cp310-abi3-win_amd64.whl", hash = "sha256:1e5e5377c315e0dcafdfb2a31adc546abbaeb3f9cb1864e6536523d2af473265", size = 51978643, upload-time = "2026-05-29T17:37:37.443Z" },
    { url = "https://files.pythonhosted.org/packages/cd/c6/79e9f3f270270d7ed5575d92b7bfef49f01abd9275447161275b23b553a8/polars_runtime_32-1.41.2-cp310-abi3-win_arm64.whl", hash = "sha256:843d96f69d18eca53429c1198e58891db7f18111f83b9c419bb45ad9d73eaed5", size = 46006901, upload-time = "2026-05-29T17:37:42.522Z" },
]

[[package]]
name = "pygments"
version = "2.20.0"
source = { registry = "https://pypi.org/simple" }
sdist = { url = "https://files.pythonhosted.org/packages/c3/b2/bc9c9196916376152d655522fdcebac55e66de6603a76a02bca1b6414f6c/pygments-2.20.0.tar.gz", hash = "sha256:6757cd03768053ff99f3039c1a36d6c0aa0b263438fcab17520b30a303a82b5f", size = 4955991, upload-time = "2026-03-29T13:29:33.898Z" }
wheels = [
    { url = "https://files.pythonhosted.org/packages/f4/7e/a72dd26f3b0f4f2bf1dd8923c85f7ceb43172af56d63c7383eb62b332364/pygments-2.20.0-py3-none-any.whl", hash = "sha256:81a9e26dd42fd28a23a2d169d86d7ac03b46e2f8b59ed4698fb4785f946d0176", size = 1231151, upload-time = "2026-03-29T13:29:30.038Z" },
]

[[package]]
name = "rich"
version = "15.0.0"
source = { registry = "https://pypi.org/simple" }
dependencies = [
    { name = "markdown-it-py" },
    { name = "pygments" },
]
sdist = { url = "https://files.pythonhosted.org/packages/c0/8f/0722ca900cc807c13a6a0c696dacf35430f72e0ec571c4275d2371fca3e9/rich-15.0.0.tar.gz", hash = "sha256:edd07a4824c6b40189fb7ac9bc4c52536e9780fbbfbddf6f1e2502c31b068c36", size = 230680, upload-time = "2026-04-12T08:24:00.75Z" }
wheels = [
    { url = "https://files.pythonhosted.org/packages/82/3b/64d4899d73f91ba49a8c18a8ff3f0ea8f1c1d75481760df8c68ef5235bf5/rich-15.0.0-py3-none-any.whl", hash = "sha256:33bd4ef74232fb73fe9279a257718407f169c09b78a87ad3d296f548e27de0bb", size = 310654, upload-time = "2026-04-12T08:24:02.83Z" },
]

[[package]]
name = "shellingham"
version = "1.5.4"
source = { registry = "https://pypi.org/simple" }
sdist = { url = "https://files.pythonhosted.org/packages/58/15/8b3609fd3830ef7b27b655beb4b4e9c62313a4e8da8c676e142cc210d58e/shellingham-1.5.4.tar.gz", hash = "sha256:8dbca0739d487e5bd35ab3ca4b36e11c4078f3a234bfce294b0a0291363404de", size = 10310, upload-time = "2023-10-24T04:13:40.426Z" }
wheels = [
    { url = "https://files.pythonhosted.org/packages/e0/f9/0595336914c5619e5f28a1fb793285925a8cd4b432c9da0a987836c7f822/shellingham-1.5.4-py2.py3-none-any.whl", hash = "sha256:7ecfff8f2fd72616f7481040475a65b2bf8af90a56c89140852d1120324e8686", size = 9755, upload-time = "2023-10-24T04:13:38.866Z" },
]

[[package]]
name = "typer"
version = "0.26.7"
source = { registry = "https://pypi.org/simple" }
dependencies = [
    { name = "annotated-doc" },
    { name = "colorama", marker = "sys_platform == 'win32'" },
    { name = "rich" },
    { name = "shellingham" },
]
sdist = { url = "https://files.pythonhosted.org/packages/5e/ed/ef06584ccdd5c410df0837951ecd7e15d9a6144ea1bd4c73cecab1a89891/typer-0.26.7.tar.gz", hash = "sha256:e314a34c617e419c091b2830dda3ea1f257134ff593061a8f5b9717ab8dddb3a", size = 201709, upload-time = "2026-06-03T07:18:06.843Z" }
wheels = [
    { url = "https://files.pythonhosted.org/packages/24/25/2201973529af2c954de0bb725323c3aaed6d7f0ceee8f550dec9185df013/typer-0.26.7-py3-none-any.whl", hash = "sha256:5c87cfbc5d34491c5346ebf49c23e18d56ccb863268d3a8d592b26087c2f5e58", size = 122456, upload-time = "2026-06-03T07:18:05.732Z" },
]

[[package]]
name = "xlsxpress"
version = "0.1.0"
source = { editable = "." }
dependencies = [
    { name = "polars" },
    { name = "typer" },
    { name = "xlsxwriter" },
]

[package.metadata]
requires-dist = [
    { name = "polars", specifier = ">=1.0" },
    { name = "typer", specifier = ">=0.15" },
    { name = "xlsxwriter", specifier = ">=3.2" },
]

[[package]]
name = "xlsxwriter"
version = "3.2.9"
source = { registry = "https://pypi.org/simple" }
sdist = { url = "https://files.pythonhosted.org/packages/46/2c/c06ef49dc36e7954e55b802a8b231770d286a9758b3d936bd1e04ce5ba88/xlsxwriter-3.2.9.tar.gz", hash = "sha256:254b1c37a368c444eac6e2f867405cc9e461b0ed97a3233b2ac1e574efb4140c", size = 215940, upload-time = "2025-09-16T00:16:21.63Z" }
wheels = [
    { url = "https://files.pythonhosted.org/packages/3a/0c/3662f4a66880196a590b202f0db82d919dd2f89e99a27fadef91c4a33d41/xlsxwriter-3.2.9-py3-none-any.whl", hash = "sha256:9a5db42bc5dff014806c58a20b9eae7322a134abb6fce3c92c181bfb275ec5b3", size = 175315, upload-time = "2025-09-16T00:16:20.108Z" },
]
